
Microsoft Visual Studio Solution File, Format Version 12.00
# Visual Studio Version 17
VisualStudioVersion = 17.0.31903.59
MinimumVisualStudioVersion = 10.0.40219.1
Project("{2150E333-8FDC-42A3-9474-1A3956D46DE8}") = "src", "src", "{04B58A76-238C-423C-BFFD-6AFDC9E2FFD9}"
EndProject
Project("{FAE04EC0-301F-11D3-BF4B-00C04F79EFBC}") = "Grounding", "src\Grounding\Grounding.csproj", "{90ADF63C-B4F9-4DE1-B527-B35C37056C75}"
EndProject
Project("{FAE04EC0-301F-11D3-BF4B-00C04F79EFBC}") = "Grounding.Service", "src\Grounding.Service\Grounding.Service.csproj", "{7D67A1AA-0DFB-4D15-AFDD-144C1867A020}"
EndProject
Global
	GlobalSection(SolutionConfigurationPlatforms) = preSolution
		Debug|Any CPU = Debug|Any CPU
		Release|Any CPU = Release|Any CPU
	EndGlobalSection
	GlobalSection(SolutionProperties) = preSolution
		HideSolutionNode = FALSE
	EndGlobalSection
	GlobalSection(ProjectConfigurationPlatforms) = postSolution
		{90ADF63C-B4F9-4DE1-B527-B35C37056C75}.Debug|Any CPU.ActiveCfg = Debug|Any CPU
		{90ADF63C-B4F9-4DE1-B527-B35C37056C75}.Debug|Any CPU.Build.0 = Debug|Any CPU
		{90ADF63C-B4F9-4DE1-B527-B35C37056C75}.Release|Any CPU.ActiveCfg = Release|Any CPU
		{90ADF63C-B4F9-4DE1-B527-B35C37056C75}.Release|Any CPU.Build.0 = Release|Any CPU
		{7D67A1AA-0DFB-4D15-AFDD-144C1867A020}.Debug|Any CPU.ActiveCfg = Debug|Any CPU
		{7D67A1AA-0DFB-4D15-AFDD-144C1867A020}.Debug|Any CPU.Build.0 = Debug|Any CPU
		{7D67A1AA-0DFB-4D15-AFDD-144C1867A020}.Release|Any CPU.ActiveCfg = Release|Any CPU
		{7D67A1AA-0DFB-4D15-AFDD-144C1867A020}.Release|Any CPU.Build.0 = Release|Any CPU
	EndGlobalSection
	GlobalSection(NestedProjects) = preSolution
		{90ADF63C-B4F9-4DE1-B527-B35C37056C75} = {04B58A76-238C-423C-BFFD-6AFDC9E2FFD9}
		{7D67A1AA-0DFB-4D15-AFDD-144C1867A020} = {04B58A76-238C-423C-BFFD-6AFDC9E2FFD9}
	EndGlobalSection
EndGlobal
